
Microsoft Visual Studio Solution File, Format Version 12.00
# Visual Studio 15
VisualStudioVersion = 15.0.26831.0
MinimumVisualStudioVersion = 10.0.40219.1
Project("{FAE04EC0-301F-11D3-BF4B-00C04F79EFBC}") = "MiiverseArchiveRedux", "MiiverseArchiveRedux\MiiverseArchiveRedux.csproj", "{C89B13E6-C1E1-4FCA-A946-AF85CB468FEF}"
EndProject
Project("{FAE04EC0-301F-11D3-BF4B-00C04F79EFBC}") = "MiiverseArchive", "MiiverseArchive\MiiverseArchive.csproj", "{EC6E20F7-680A-49DA-8964-47C0BABF3934}"
EndProject
Global
	GlobalSection(SolutionConfigurationPlatforms) = preSolution
		Debug|Any CPU = Debug|Any CPU
		Release|Any CPU = Release|Any CPU
	EndGlobalSection
	GlobalSection(ProjectConfigurationPlatforms) = postSolution
		{C89B13E6-C1E1-4FCA-A946-AF85CB468FEF}.Debug|Any CPU.ActiveCfg = Debug|Any CPU
		{C89B13E6-C1E1-4FCA-A946-AF85CB468FEF}.Debug|Any CPU.Build.0 = Debug|Any CPU
		{C89B13E6-C1E1-4FCA-A946-AF85CB468FEF}.Release|Any CPU.ActiveCfg = Release|Any CPU
		{C89B13E6-C1E1-4FCA-A946-AF85CB468FEF}.Release|Any CPU.Build.0 = Release|Any CPU
		{EC6E20F7-680A-49DA-8964-47C0BABF3934}.Debug|Any CPU.ActiveCfg = Debug|Any CPU
		{EC6E20F7-680A-49DA-8964-47C0BABF3934}.Debug|Any CPU.Build.0 = Debug|Any CPU
		{EC6E20F7-680A-49DA-8964-47C0BABF3934}.Release|Any CPU.ActiveCfg = Release|Any CPU
		{EC6E20F7-680A-49DA-8964-47C0BABF3934}.Release|Any CPU.Build.0 = Release|Any CPU
	EndGlobalSection
	GlobalSection(SolutionProperties) = preSolution
		HideSolutionNode = FALSE
	EndGlobalSection
	GlobalSection(ExtensibilityGlobals) = postSolution
		SolutionGuid = {F811383C-564D-4B4E-9490-7BDD0CBB9CF1}
	EndGlobalSection
EndGlobal
