
Microsoft Visual Studio Solution File, Format Version 12.00
# Visual Studio 15
VisualStudioVersion = 15.0.26823.1
MinimumVisualStudioVersion = 10.0.40219.1
Project("{FAE04EC0-301F-11D3-BF4B-00C04F79EFBC}") = "MiiverseArchive", "MiiverseArchive\MiiverseArchive.csproj", "{F6539F2D-DA5A-4BD0-A25A-29A0DEAA1088}"
EndProject
Project("{FAE04EC0-301F-11D3-BF4B-00C04F79EFBC}") = "Mntone.MiiverseClient", "MiiverseClient\Mntone.MiiverseClient\Mntone.MiiverseClient.csproj", "{AACE4748-0031-435D-B0C0-A4E1BD656EAF}"
EndProject
Global
	GlobalSection(SolutionConfigurationPlatforms) = preSolution
		Debug|Any CPU = Debug|Any CPU
		Release|Any CPU = Release|Any CPU
	EndGlobalSection
	GlobalSection(ProjectConfigurationPlatforms) = postSolution
		{F6539F2D-DA5A-4BD0-A25A-29A0DEAA1088}.Debug|Any CPU.ActiveCfg = Debug|Any CPU
		{F6539F2D-DA5A-4BD0-A25A-29A0DEAA1088}.Debug|Any CPU.Build.0 = Debug|Any CPU
		{F6539F2D-DA5A-4BD0-A25A-29A0DEAA1088}.Release|Any CPU.ActiveCfg = Release|Any CPU
		{F6539F2D-DA5A-4BD0-A25A-29A0DEAA1088}.Release|Any CPU.Build.0 = Release|Any CPU
		{AACE4748-0031-435D-B0C0-A4E1BD656EAF}.Debug|Any CPU.ActiveCfg = Debug|Any CPU
		{AACE4748-0031-435D-B0C0-A4E1BD656EAF}.Debug|Any CPU.Build.0 = Debug|Any CPU
		{AACE4748-0031-435D-B0C0-A4E1BD656EAF}.Release|Any CPU.ActiveCfg = Release|Any CPU
		{AACE4748-0031-435D-B0C0-A4E1BD656EAF}.Release|Any CPU.Build.0 = Release|Any CPU
	EndGlobalSection
	GlobalSection(SolutionProperties) = preSolution
		HideSolutionNode = FALSE
	EndGlobalSection
	GlobalSection(ExtensibilityGlobals) = postSolution
		SolutionGuid = {490E71EA-FF2A-4B10-AF09-CBBCB67738F3}
	EndGlobalSection
EndGlobal
